// !$*UTF8*$!
{
	archiveVersion = 1;
	classes = {
	};
	objectVersion = 46;
	objects = {

/* Begin PBXBuildFile section */
		73CF1C1B1600604E006D9180 /* Cocoa.framework in Frameworks */ = {isa = PBXBuildFile; fileRef = 73CF1C1A1600604E006D9180 /* Cocoa.framework */; };
		73CF1C4016006116006D9180 /* KGMacAppDelegate.m in Sources */ = {isa = PBXBuildFile; fileRef = 73CF1C3E16006116006D9180 /* KGMacAppDelegate.m */; };
		73CF1C4116006116006D9180 /* MacMain.m in Sources */ = {isa = PBXBuildFile; fileRef = 73CF1C3F16006116006D9180 /* MacMain.m */; };
		73CF1C4316006181006D9180 /* MainMenu.xib in Resources */ = {isa = PBXBuildFile; fileRef = 73CF1C4216006181006D9180 /* MainMenu.xib */; };
		73CF1C47160061B7006D9180 /* KGNoise.m in Sources */ = {isa = PBXBuildFile; fileRef = 73CF1C46160061B7006D9180 /* KGNoise.m */; };
/* End PBXBuildFile section */

/* Begin PBXFileReference section */
		73CF1C161600604E006D9180 /* KGMacNoiseExample.app */ = {isa = PBXFileReference; explicitFileType = wrapper.application; includeInIndex = 0; path = KGMacNoiseExample.app; sourceTree = BUILT_PRODUCTS_DIR; };
		73CF1C1A1600604E006D9180 /* Cocoa.framework */ = {isa = PBXFileReference; lastKnownFileType = wrapper.framework; name = Cocoa.framework; path = System/Library/Frameworks/Cocoa.framework; sourceTree = SDKROOT; };
		73CF1C1D1600604E006D9180 /* AppKit.framework */ = {isa = PBXFileReference; lastKnownFileType = wrapper.framework; name = AppKit.framework; path = System/Library/Frameworks/AppKit.framework; sourceTree = SDKROOT; };
		73CF1C1F1600604E006D9180 /* Foundation.framework */ = {isa = PBXFileReference; lastKnownFileType = wrapper.framework; name = Foundation.framework; path = System/Library/Frameworks/Foundation.framework; sourceTree = SDKROOT; };
		73CF1C3D16006116006D9180 /* KGMacAppDelegate.h */ = {isa = PBXFileReference; fileEncoding = 4; lastKnownFileType = sourcecode.c.h; path = KGMacAppDelegate.h; sourceTree = "<group>"; };
		73CF1C3E16006116006D9180 /* KGMacAppDelegate.m */ = {isa = PBXFileReference; fileEncoding = 4; lastKnownFileType = sourcecode.c.objc; path = KGMacAppDelegate.m; sourceTree = "<group>"; };
		73CF1C3F16006116006D9180 /* MacMain.m */ = {isa = PBXFileReference; fileEncoding = 4; lastKnownFileType = sourcecode.c.objc; path = MacMain.m; sourceTree = "<group>"; };
		73CF1C4216006181006D9180 /* MainMenu.xib */ = {isa = PBXFileReference; fileEncoding = 4; lastKnownFileType = file.xib; path = MainMenu.xib; sourceTree = "<group>"; };
		73CF1C45160061B7006D9180 /* KGNoise.h */ = {isa = PBXFileReference; fileEncoding = 4; lastKnownFileType = sourcecode.c.h; name = KGNoise.h; path = ../KGNoise.h; sourceTree = "<group>"; };
		73CF1C46160061B7006D9180 /* KGNoise.m */ = {isa = PBXFileReference; fileEncoding = 4; lastKnownFileType = sourcecode.c.objc; name = KGNoise.m; path = ../KGNoise.m; sourceTree = "<group>"; };
/* End PBXFileReference section */

/* Begin PBXFrameworksBuildPhase section */
		73CF1C131600604E006D9180 /* Frameworks */ = {
			isa = PBXFrameworksBuildPhase;
			buildActionMask = 2147483647;
			files = (
				73CF1C1B1600604E006D9180 /* Cocoa.framework in Frameworks */,
			);
			runOnlyForDeploymentPostprocessing = 0;
		};
/* End PBXFrameworksBuildPhase section */

/* Begin PBXGroup section */
		73CF1C0B1600604E006D9180 = {
			isa = PBXGroup;
			children = (
				73CF1C44160061A2006D9180 /* KGNoise */,
				73CF1C3C160060C5006D9180 /* Mac Example */,
				73CF1C171600604E006D9180 /* Products */,
			);
			sourceTree = "<group>";
		};
		73CF1C171600604E006D9180 /* Products */ = {
			isa = PBXGroup;
			children = (
				73CF1C161600604E006D9180 /* KGMacNoiseExample.app */,
			);
			name = Products;
			sourceTree = "<group>";
		};
		73CF1C191600604E006D9180 /* Frameworks */ = {
			isa = PBXGroup;
			children = (
				73CF1C1D1600604E006D9180 /* AppKit.framework */,
				73CF1C1F1600604E006D9180 /* Foundation.framework */,
				73CF1C1A1600604E006D9180 /* Cocoa.framework */,
			);
			name = Frameworks;
			sourceTree = "<group>";
		};
		73CF1C3C160060C5006D9180 /* Mac Example */ = {
			isa = PBXGroup;
			children = (
				73CF1C3D16006116006D9180 /* KGMacAppDelegate.h */,
				73CF1C3E16006116006D9180 /* KGMacAppDelegate.m */,
				73CF1C3F16006116006D9180 /* MacMain.m */,
				73CF1C4216006181006D9180 /* MainMenu.xib */,
				73CF1C191600604E006D9180 /* Frameworks */,
			);
			name = "Mac Example";
			sourceTree = "<group>";
		};
		73CF1C44160061A2006D9180 /* KGNoise */ = {
			isa = PBXGroup;
			children = (
				73CF1C45160061B7006D9180 /* KGNoise.h */,
				73CF1C46160061B7006D9180 /* KGNoise.m */,
			);
			name = KGNoise;
			sourceTree = "<group>";
		};
/* End PBXGroup section */

/* Begin PBXNativeTarget section */
		73CF1C151600604E006D9180 /* KGMacNoiseExample */ = {
			isa = PBXNativeTarget;
			buildConfigurationList = 73CF1C341600604E006D9180 /* Build configuration list for PBXNativeTarget "KGMacNoiseExample" */;
			buildPhases = (
				73CF1C121600604E006D9180 /* Sources */,
				73CF1C131600604E006D9180 /* Frameworks */,
				73CF1C141600604E006D9180 /* Resources */,
			);
			buildRules = (
			);
			dependencies = (
			);
			name = KGMacNoiseExample;
			productName = KGNoiseExample;
			productReference = 73CF1C161600604E006D9180 /* KGMacNoiseExample.app */;
			productType = "com.apple.product-type.application";
		};
/* End PBXNativeTarget section */

/* Begin PBXProject section */
		73CF1C0D1600604E006D9180 /* Project object */ = {
			isa = PBXProject;
			attributes = {
				CLASSPREFIX = KG;
				LastUpgradeCheck = 0440;
				ORGANIZATIONNAME = "David Keegan";
			};
			buildConfigurationList = 73CF1C101600604E006D9180 /* Build configuration list for PBXProject "KGMacNoiseExample" */;
			compatibilityVersion = "Xcode 3.2";
			developmentRegion = English;
			hasScannedForEncodings = 0;
			knownRegions = (
				en,
			);
			mainGroup = 73CF1C0B1600604E006D9180;
			productRefGroup = 73CF1C171600604E006D9180 /* Products */;
			projectDirPath = "";
			projectRoot = "";
			targets = (
				73CF1C151600604E006D9180 /* KGMacNoiseExample */,
			);
		};
/* End PBXProject section */

/* Begin PBXResourcesBuildPhase section */
		73CF1C141600604E006D9180 /* Resources */ = {
			isa = PBXResourcesBuildPhase;
			buildActionMask = 2147483647;
			files = (
				73CF1C4316006181006D9180 /* MainMenu.xib in Resources */,
			);
			runOnlyForDeploymentPostprocessing = 0;
		};
/* End PBXResourcesBuildPhase section */

/* Begin PBXSourcesBuildPhase section */
		73CF1C121600604E006D9180 /* Sources */ = {
			isa = PBXSourcesBuildPhase;
			buildActionMask = 2147483647;
			files = (
				73CF1C4016006116006D9180 /* KGMacAppDelegate.m in Sources */,
				73CF1C4116006116006D9180 /* MacMain.m in Sources */,
				73CF1C47160061B7006D9180 /* KGNoise.m in Sources */,
			);
			runOnlyForDeploymentPostprocessing = 0;
		};
/* End PBXSourcesBuildPhase section */

/* Begin XCBuildConfiguration section */
		73CF1C321600604E006D9180 /* Debug */ = {
			isa = XCBuildConfiguration;
			buildSettings = {
				ALWAYS_SEARCH_USER_PATHS = NO;
				ARCHS = "$(ARCHS_STANDARD_64_BIT)";
				CLANG_CXX_LANGUAGE_STANDARD = "gnu++0x";
				CLANG_ENABLE_OBJC_ARC = YES;
				CLANG_WARN__DUPLICATE_METHOD_MATCH = YES;
				COPY_PHASE_STRIP = NO;
				GCC_C_LANGUAGE_STANDARD = gnu99;
				GCC_DYNAMIC_NO_PIC = NO;
				GCC_ENABLE_OBJC_EXCEPTIONS = YES;
				GCC_OPTIMIZATION_LEVEL = 0;
				GCC_PREPROCESSOR_DEFINITIONS = (
					"DEBUG=1",
					"$(inherited)",
				);
				GCC_SYMBOLS_PRIVATE_EXTERN = NO;
				GCC_WARN_64_TO_32_BIT_CONVERSION = YES;
				GCC_WARN_ABOUT_RETURN_TYPE = YES;
				GCC_WARN_UNINITIALIZED_AUTOS = YES;
				GCC_WARN_UNUSED_VARIABLE = YES;
				MACOSX_DEPLOYMENT_TARGET = 10.8;
				ONLY_ACTIVE_ARCH = YES;
				SDKROOT = macosx;
			};
			name = Debug;
		};
		73CF1C331600604E006D9180 /* Release */ = {
			isa = XCBuildConfiguration;
			buildSettings = {
				ALWAYS_SEARCH_USER_PATHS = NO;
				ARCHS = "$(ARCHS_STANDARD_64_BIT)";
				CLANG_CXX_LANGUAGE_STANDARD = "gnu++0x";
				CLANG_ENABLE_OBJC_ARC = YES;
				CLANG_WARN__DUPLICATE_METHOD_MATCH = YES;
				COPY_PHASE_STRIP = YES;
				DEBUG_INFORMATION_FORMAT = "dwarf-with-dsym";
				GCC_C_LANGUAGE_STANDARD = gnu99;
				GCC_ENABLE_OBJC_EXCEPTIONS = YES;
				GCC_WARN_64_TO_32_BIT_CONVERSION = YES;
				GCC_WARN_ABOUT_RETURN_TYPE = YES;
				GCC_WARN_UNINITIALIZED_AUTOS = YES;
				GCC_WARN_UNUSED_VARIABLE = YES;
				MACOSX_DEPLOYMENT_TARGET = 10.8;
				SDKROOT = macosx;
			};
			name = Release;
		};
		73CF1C351600604E006D9180 /* Debug */ = {
			isa = XCBuildConfiguration;
			buildSettings = {
				COMBINE_HIDPI_IMAGES = YES;
				INFOPLIST_FILE = "KGMacNoiseExample-Info.plist";
				PRODUCT_NAME = KGMacNoiseExample;
				WRAPPER_EXTENSION = app;
			};
			name = Debug;
		};
		73CF1C361600604E006D9180 /* Release */ = {
			isa = XCBuildConfiguration;
			buildSettings = {
				COMBINE_HIDPI_IMAGES = YES;
				INFOPLIST_FILE = "KGMacNoiseExample-Info.plist";
				PRODUCT_NAME = KGMacNoiseExample;
				WRAPPER_EXTENSION = app;
			};
			name = Release;
		};
/* End XCBuildConfiguration section */

/* Begin XCConfigurationList section */
		73CF1C101600604E006D9180 /* Build configuration list for PBXProject "KGMacNoiseExample" */ = {
			isa = XCConfigurationList;
			buildConfigurations = (
				73CF1C321600604E006D9180 /* Debug */,
				73CF1C331600604E006D9180 /* Release */,
			);
			defaultConfigurationIsVisible = 0;
			defaultConfigurationName = Release;
		};
		73CF1C341600604E006D9180 /* Build configuration list for PBXNativeTarget "KGMacNoiseExample" */ = {
			isa = XCConfigurationList;
			buildConfigurations = (
				73CF1C351600604E006D9180 /* Debug */,
				73CF1C361600604E006D9180 /* Release */,
			);
			defaultConfigurationIsVisible = 0;
			defaultConfigurationName = Release;
		};
/* End XCConfigurationList section */
	};
	rootObject = 73CF1C0D1600604E006D9180 /* Project object */;
}
