// !$*UTF8*$!
{
	archiveVersion = 1;
	classes = {
	};
	objectVersion = 46;
	objects = {

/* Begin PBXBuildFile section */
		73CF1C1B1600604E006D9180 /* Cocoa.framework in Frameworks */ = {isa = PBXBuildFile; fileRef = 73CF1C1A1600604E006D9180 /* Cocoa.framework */; };
		73CF1C251600604E006D9180 /* InfoPlist.strings in Resources */ = {isa = PBXBuildFile; fileRef = 73CF1C231600604E006D9180 /* InfoPlist.strings */; };
		73CF1C271600604E006D9180 /* main.m in Sources */ = {isa = PBXBuildFile; fileRef = 73CF1C261600604E006D9180 /* main.m */; };
		73CF1C2B1600604E006D9180 /* Credits.rtf in Resources */ = {isa = PBXBuildFile; fileRef = 73CF1C291600604E006D9180 /* Credits.rtf */; };
		73CF1C2E1600604E006D9180 /* KGAppDelegate.m in Sources */ = {isa = PBXBuildFile; fileRef = 73CF1C2D1600604E006D9180 /* KGAppDelegate.m */; };
		73CF1C311600604E006D9180 /* MainMenu.xib in Resources */ = {isa = PBXBuildFile; fileRef = 73CF1C2F1600604E006D9180 /* MainMenu.xib */; };
/* End PBXBuildFile section */

/* Begin PBXFileReference section */
		73CF1C161600604E006D9180 /* KGNoiseExample.app */ = {isa = PBXFileReference; explicitFileType = wrapper.application; includeInIndex = 0; path = KGNoiseExample.app; sourceTree = BUILT_PRODUCTS_DIR; };
		73CF1C1A1600604E006D9180 /* Cocoa.framework */ = {isa = PBXFileReference; lastKnownFileType = wrapper.framework; name = Cocoa.framework; path = System/Library/Frameworks/Cocoa.framework; sourceTree = SDKROOT; };
		73CF1C1D1600604E006D9180 /* AppKit.framework */ = {isa = PBXFileReference; lastKnownFileType = wrapper.framework; name = AppKit.framework; path = System/Library/Frameworks/AppKit.framework; sourceTree = SDKROOT; };
		73CF1C1E1600604E006D9180 /* CoreData.framework */ = {isa = PBXFileReference; lastKnownFileType = wrapper.framework; name = CoreData.framework; path = System/Library/Frameworks/CoreData.framework; sourceTree = SDKROOT; };
		73CF1C1F1600604E006D9180 /* Foundation.framework */ = {isa = PBXFileReference; lastKnownFileType = wrapper.framework; name = Foundation.framework; path = System/Library/Frameworks/Foundation.framework; sourceTree = SDKROOT; };
		73CF1C221600604E006D9180 /* KGNoiseExample-Info.plist */ = {isa = PBXFileReference; lastKnownFileType = text.plist.xml; path = "KGNoiseExample-Info.plist"; sourceTree = "<group>"; };
		73CF1C241600604E006D9180 /* en */ = {isa = PBXFileReference; lastKnownFileType = text.plist.strings; name = en; path = en.lproj/InfoPlist.strings; sourceTree = "<group>"; };
		73CF1C261600604E006D9180 /* main.m */ = {isa = PBXFileReference; lastKnownFileType = sourcecode.c.objc; path = main.m; sourceTree = "<group>"; };
		73CF1C281600604E006D9180 /* KGNoiseExample-Prefix.pch */ = {isa = PBXFileReference; lastKnownFileType = sourcecode.c.h; path = "KGNoiseExample-Prefix.pch"; sourceTree = "<group>"; };
		73CF1C2A1600604E006D9180 /* en */ = {isa = PBXFileReference; lastKnownFileType = text.rtf; name = en; path = en.lproj/Credits.rtf; sourceTree = "<group>"; };
		73CF1C2C1600604E006D9180 /* KGAppDelegate.h */ = {isa = PBXFileReference; lastKnownFileType = sourcecode.c.h; path = KGAppDelegate.h; sourceTree = "<group>"; };
		73CF1C2D1600604E006D9180 /* KGAppDelegate.m */ = {isa = PBXFileReference; lastKnownFileType = sourcecode.c.objc; path = KGAppDelegate.m; sourceTree = "<group>"; };
		73CF1C301600604E006D9180 /* en */ = {isa = PBXFileReference; lastKnownFileType = file.xib; name = en; path = en.lproj/MainMenu.xib; sourceTree = "<group>"; };
/* End PBXFileReference section */

/* Begin PBXFrameworksBuildPhase section */
		73CF1C131600604E006D9180 /* Frameworks */ = {
			isa = PBXFrameworksBuildPhase;
			buildActionMask = 2147483647;
			files = (
				73CF1C1B1600604E006D9180 /* Cocoa.framework in Frameworks */,
			);
			runOnlyForDeploymentPostprocessing = 0;
		};
/* End PBXFrameworksBuildPhase section */

/* Begin PBXGroup section */
		73CF1C0B1600604E006D9180 = {
			isa = PBXGroup;
			children = (
				73CF1C201600604E006D9180 /* KGNoiseExample */,
				73CF1C191600604E006D9180 /* Frameworks */,
				73CF1C171600604E006D9180 /* Products */,
			);
			sourceTree = "<group>";
		};
		73CF1C171600604E006D9180 /* Products */ = {
			isa = PBXGroup;
			children = (
				73CF1C161600604E006D9180 /* KGNoiseExample.app */,
			);
			name = Products;
			sourceTree = "<group>";
		};
		73CF1C191600604E006D9180 /* Frameworks */ = {
			isa = PBXGroup;
			children = (
				73CF1C1A1600604E006D9180 /* Cocoa.framework */,
				73CF1C1C1600604E006D9180 /* Other Frameworks */,
			);
			name = Frameworks;
			sourceTree = "<group>";
		};
		73CF1C1C1600604E006D9180 /* Other Frameworks */ = {
			isa = PBXGroup;
			children = (
				73CF1C1D1600604E006D9180 /* AppKit.framework */,
				73CF1C1E1600604E006D9180 /* CoreData.framework */,
				73CF1C1F1600604E006D9180 /* Foundation.framework */,
			);
			name = "Other Frameworks";
			sourceTree = "<group>";
		};
		73CF1C201600604E006D9180 /* KGNoiseExample */ = {
			isa = PBXGroup;
			children = (
				73CF1C2C1600604E006D9180 /* KGAppDelegate.h */,
				73CF1C2D1600604E006D9180 /* KGAppDelegate.m */,
				73CF1C2F1600604E006D9180 /* MainMenu.xib */,
				73CF1C211600604E006D9180 /* Supporting Files */,
			);
			path = KGNoiseExample;
			sourceTree = "<group>";
		};
		73CF1C211600604E006D9180 /* Supporting Files */ = {
			isa = PBXGroup;
			children = (
				73CF1C221600604E006D9180 /* KGNoiseExample-Info.plist */,
				73CF1C231600604E006D9180 /* InfoPlist.strings */,
				73CF1C261600604E006D9180 /* main.m */,
				73CF1C281600604E006D9180 /* KGNoiseExample-Prefix.pch */,
				73CF1C291600604E006D9180 /* Credits.rtf */,
			);
			name = "Supporting Files";
			sourceTree = "<group>";
		};
/* End PBXGroup section */

/* Begin PBXNativeTarget section */
		73CF1C151600604E006D9180 /* KGNoiseExample */ = {
			isa = PBXNativeTarget;
			buildConfigurationList = 73CF1C341600604E006D9180 /* Build configuration list for PBXNativeTarget "KGNoiseExample" */;
			buildPhases = (
				73CF1C121600604E006D9180 /* Sources */,
				73CF1C131600604E006D9180 /* Frameworks */,
				73CF1C141600604E006D9180 /* Resources */,
			);
			buildRules = (
			);
			dependencies = (
			);
			name = KGNoiseExample;
			productName = KGNoiseExample;
			productReference = 73CF1C161600604E006D9180 /* KGNoiseExample.app */;
			productType = "com.apple.product-type.application";
		};
/* End PBXNativeTarget section */

/* Begin PBXProject section */
		73CF1C0D1600604E006D9180 /* Project object */ = {
			isa = PBXProject;
			attributes = {
				CLASSPREFIX = KG;
				LastUpgradeCheck = 0440;
				ORGANIZATIONNAME = "David Keegan";
			};
			buildConfigurationList = 73CF1C101600604E006D9180 /* Build configuration list for PBXProject "KGNoiseExample" */;
			compatibilityVersion = "Xcode 3.2";
			developmentRegion = English;
			hasScannedForEncodings = 0;
			knownRegions = (
				en,
			);
			mainGroup = 73CF1C0B1600604E006D9180;
			productRefGroup = 73CF1C171600604E006D9180 /* Products */;
			projectDirPath = "";
			projectRoot = "";
			targets = (
				73CF1C151600604E006D9180 /* KGNoiseExample */,
			);
		};
/* End PBXProject section */

/* Begin PBXResourcesBuildPhase section */
		73CF1C141600604E006D9180 /* Resources */ = {
			isa = PBXResourcesBuildPhase;
			buildActionMask = 2147483647;
			files = (
				73CF1C251600604E006D9180 /* InfoPlist.strings in Resources */,
				73CF1C2B1600604E006D9180 /* Credits.rtf in Resources */,
				73CF1C311600604E006D9180 /* MainMenu.xib in Resources */,
			);
			runOnlyForDeploymentPostprocessing = 0;
		};
/* End PBXResourcesBuildPhase section */

/* Begin PBXSourcesBuildPhase section */
		73CF1C121600604E006D9180 /* Sources */ = {
			isa = PBXSourcesBuildPhase;
			buildActionMask = 2147483647;
			files = (
				73CF1C271600604E006D9180 /* main.m in Sources */,
				73CF1C2E1600604E006D9180 /* KGAppDelegate.m in Sources */,
			);
			runOnlyForDeploymentPostprocessing = 0;
		};
/* End PBXSourcesBuildPhase section */

/* Begin PBXVariantGroup section */
		73CF1C231600604E006D9180 /* InfoPlist.strings */ = {
			isa = PBXVariantGroup;
			children = (
				73CF1C241600604E006D9180 /* en */,
			);
			name = InfoPlist.strings;
			sourceTree = "<group>";
		};
		73CF1C291600604E006D9180 /* Credits.rtf */ = {
			isa = PBXVariantGroup;
			children = (
				73CF1C2A1600604E006D9180 /* en */,
			);
			name = Credits.rtf;
			sourceTree = "<group>";
		};
		73CF1C2F1600604E006D9180 /* MainMenu.xib */ = {
			isa = PBXVariantGroup;
			children = (
				73CF1C301600604E006D9180 /* en */,
			);
			name = MainMenu.xib;
			sourceTree = "<group>";
		};
/* End PBXVariantGroup section */

/* Begin XCBuildConfiguration section */
		73CF1C321600604E006D9180 /* Debug */ = {
			isa = XCBuildConfiguration;
			buildSettings = {
				ALWAYS_SEARCH_USER_PATHS = NO;
				ARCHS = "$(ARCHS_STANDARD_64_BIT)";
				CLANG_CXX_LANGUAGE_STANDARD = "gnu++0x";
				CLANG_ENABLE_OBJC_ARC = YES;
				CLANG_WARN__DUPLICATE_METHOD_MATCH = YES;
				COPY_PHASE_STRIP = NO;
				GCC_C_LANGUAGE_STANDARD = gnu99;
				GCC_DYNAMIC_NO_PIC = NO;
				GCC_ENABLE_OBJC_EXCEPTIONS = YES;
				GCC_OPTIMIZATION_LEVEL = 0;
				GCC_PREPROCESSOR_DEFINITIONS = (
					"DEBUG=1",
					"$(inherited)",
				);
				GCC_SYMBOLS_PRIVATE_EXTERN = NO;
				GCC_WARN_64_TO_32_BIT_CONVERSION = YES;
				GCC_WARN_ABOUT_RETURN_TYPE = YES;
				GCC_WARN_UNINITIALIZED_AUTOS = YES;
				GCC_WARN_UNUSED_VARIABLE = YES;
				MACOSX_DEPLOYMENT_TARGET = 10.8;
				ONLY_ACTIVE_ARCH = YES;
				SDKROOT = macosx;
			};
			name = Debug;
		};
		73CF1C331600604E006D9180 /* Release */ = {
			isa = XCBuildConfiguration;
			buildSettings = {
				ALWAYS_SEARCH_USER_PATHS = NO;
				ARCHS = "$(ARCHS_STANDARD_64_BIT)";
				CLANG_CXX_LANGUAGE_STANDARD = "gnu++0x";
				CLANG_ENABLE_OBJC_ARC = YES;
				CLANG_WARN__DUPLICATE_METHOD_MATCH = YES;
				COPY_PHASE_STRIP = YES;
				DEBUG_INFORMATION_FORMAT = "dwarf-with-dsym";
				GCC_C_LANGUAGE_STANDARD = gnu99;
				GCC_ENABLE_OBJC_EXCEPTIONS = YES;
				GCC_WARN_64_TO_32_BIT_CONVERSION = YES;
				GCC_WARN_ABOUT_RETURN_TYPE = YES;
				GCC_WARN_UNINITIALIZED_AUTOS = YES;
				GCC_WARN_UNUSED_VARIABLE = YES;
				MACOSX_DEPLOYMENT_TARGET = 10.8;
				SDKROOT = macosx;
			};
			name = Release;
		};
		73CF1C351600604E006D9180 /* Debug */ = {
			isa = XCBuildConfiguration;
			buildSettings = {
				COMBINE_HIDPI_IMAGES = YES;
				GCC_PRECOMPILE_PREFIX_HEADER = YES;
				GCC_PREFIX_HEADER = "KGNoiseExample/KGNoiseExample-Prefix.pch";
				INFOPLIST_FILE = "KGNoiseExample/KGNoiseExample-Info.plist";
				PRODUCT_NAME = "$(TARGET_NAME)";
				WRAPPER_EXTENSION = app;
			};
			name = Debug;
		};
		73CF1C361600604E006D9180 /* Release */ = {
			isa = XCBuildConfiguration;
			buildSettings = {
				COMBINE_HIDPI_IMAGES = YES;
				GCC_PRECOMPILE_PREFIX_HEADER = YES;
				GCC_PREFIX_HEADER = "KGNoiseExample/KGNoiseExample-Prefix.pch";
				INFOPLIST_FILE = "KGNoiseExample/KGNoiseExample-Info.plist";
				PRODUCT_NAME = "$(TARGET_NAME)";
				WRAPPER_EXTENSION = app;
			};
			name = Release;
		};
/* End XCBuildConfiguration section */

/* Begin XCConfigurationList section */
		73CF1C101600604E006D9180 /* Build configuration list for PBXProject "KGNoiseExample" */ = {
			isa = XCConfigurationList;
			buildConfigurations = (
				73CF1C321600604E006D9180 /* Debug */,
				73CF1C331600604E006D9180 /* Release */,
			);
			defaultConfigurationIsVisible = 0;
			defaultConfigurationName = Release;
		};
		73CF1C341600604E006D9180 /* Build configuration list for PBXNativeTarget "KGNoiseExample" */ = {
			isa = XCConfigurationList;
			buildConfigurations = (
				73CF1C351600604E006D9180 /* Debug */,
				73CF1C361600604E006D9180 /* Release */,
			);
			defaultConfigurationIsVisible = 0;
		};
/* End XCConfigurationList section */
	};
	rootObject = 73CF1C0D1600604E006D9180 /* Project object */;
}
